// !$*UTF8*$!
{
	archiveVersion = 1;
	classes = {
	};
	objectVersion = 60;
	objects = {

/* Begin PBXBuildFile section */
		307E58CC2F8E9FA20096FDB9 /* Color+Raid.swift in Sources */ = {isa = PBXBuildFile; fileRef = 307E588B2F8E9FA20096FDB9 /* Color+Raid.swift */; };
		307E58CD2F8E9FA20096FDB9 /* RaidVisualStyle.swift in Sources */ = {isa = PBXBuildFile; fileRef = 307E588C2F8E9FA20096FDB9 /* RaidVisualStyle.swift */; };
		307E58CE2F8E9FA20096FDB9 /* ActivityView.swift in Sources */ = {isa = PBXBuildFile; fileRef = 307E588E2F8E9FA20096FDB9 /* ActivityView.swift */; };
		307E58CF2F8E9FA20096FDB9 /* AppExternalLink.swift in Sources */ = {isa = PBXBuildFile; fileRef = 307E588F2F8E9FA20096FDB9 /* AppExternalLink.swift */; };
		307E58D02F8E9FA20096FDB9 /* DateFormatting.swift in Sources */ = {isa = PBXBuildFile; fileRef = 307E58902F8E9FA20096FDB9 /* DateFormatting.swift */; };
		307E58D32F8E9FA20096FDB9 /* BossTemplateCatalog.swift in Sources */ = {isa = PBXBuildFile; fileRef = 307E58962F8E9FA20096FDB9 /* BossTemplateCatalog.swift */; };
		307E58D42F8E9FA20096FDB9 /* Boss.swift in Sources */ = {isa = PBXBuildFile; fileRef = 307E58982F8E9FA20096FDB9 /* Boss.swift */; };
		307E58D52F8E9FA20096FDB9 /* BossDifficulty.swift in Sources */ = {isa = PBXBuildFile; fileRef = 307E58992F8E9FA20096FDB9 /* BossDifficulty.swift */; };
		307E58D62F8E9FA20096FDB9 /* BossStatus.swift in Sources */ = {isa = PBXBuildFile; fileRef = 307E589A2F8E9FA20096FDB9 /* BossStatus.swift */; };
		307E58D72F8E9FA20096FDB9 /* Game.swift in Sources */ = {isa = PBXBuildFile; fileRef = 307E589B2F8E9FA20096FDB9 /* Game.swift */; };
		307E58D82F8E9FA20096FDB9 /* KillLog.swift in Sources */ = {isa = PBXBuildFile; fileRef = 307E589C2F8E9FA20096FDB9 /* KillLog.swift */; };
		307E58D92F8E9FA20096FDB9 /* NotificationSetting.swift in Sources */ = {isa = PBXBuildFile; fileRef = 307E589D2F8E9FA20096FDB9 /* NotificationSetting.swift */; };
		307E58DA2F8E9FA20096FDB9 /* RaidGroup.swift in Sources */ = {isa = PBXBuildFile; fileRef = 307E589E2F8E9FA20096FDB9 /* RaidGroup.swift */; };
		307E58DB2F8E9FA20096FDB9 /* RaidNightSchedule.swift in Sources */ = {isa = PBXBuildFile; fileRef = 307E589F2F8E9FA20096FDB9 /* RaidNightSchedule.swift */; };
		307E58DC2F8E9FA20096FDB9 /* BossCard.swift in Sources */ = {isa = PBXBuildFile; fileRef = 307E58A22F8E9FA20096FDB9 /* BossCard.swift */; };
		307E58DD2F8E9FA20096FDB9 /* GameCard.swift in Sources */ = {isa = PBXBuildFile; fileRef = 307E58A32F8E9FA20096FDB9 /* GameCard.swift */; };
		307E58DE2F8E9FA20096FDB9 /* GroupCard.swift in Sources */ = {isa = PBXBuildFile; fileRef = 307E58A42F8E9FA20096FDB9 /* GroupCard.swift */; };
		307E58DF2F8E9FA20096FDB9 /* HomeCompactBossRow.swift in Sources */ = {isa = PBXBuildFile; fileRef = 307E58A52F8E9FA20096FDB9 /* HomeCompactBossRow.swift */; };
		307E58E02F8E9FA20096FDB9 /* HomeQuickActionTile.swift in Sources */ = {isa = PBXBuildFile; fileRef = 307E58A62F8E9FA20096FDB9 /* HomeQuickActionTile.swift */; };
		307E58E12F8E9FA20096FDB9 /* KillLogCard.swift in Sources */ = {isa = PBXBuildFile; fileRef = 307E58A72F8E9FA20096FDB9 /* KillLogCard.swift */; };
		307E58E22F8E9FA20096FDB9 /* StatCard.swift in Sources */ = {isa = PBXBuildFile; fileRef = 307E58A82F8E9FA20096FDB9 /* StatCard.swift */; };
		307E58E32F8E9FA20096FDB9 /* RaidWatchViewModel.swift in Sources */ = {isa = PBXBuildFile; fileRef = 307E58AA2F8E9FA20096FDB9 /* RaidWatchViewModel.swift */; };
		307E58E42F8E9FA20096FDB9 /* AddBossView.swift in Sources */ = {isa = PBXBuildFile; fileRef = 307E58AC2F8E9FA20096FDB9 /* AddBossView.swift */; };
		307E58E52F8E9FA20096FDB9 /* AddGameView.swift in Sources */ = {isa = PBXBuildFile; fileRef = 307E58AD2F8E9FA20096FDB9 /* AddGameView.swift */; };
		307E58E62F8E9FA20096FDB9 /* AddGroupView.swift in Sources */ = {isa = PBXBuildFile; fileRef = 307E58AE2F8E9FA20096FDB9 /* AddGroupView.swift */; };
		307E58E72F8E9FA20096FDB9 /* BossListView.swift in Sources */ = {isa = PBXBuildFile; fileRef = 307E58AF2F8E9FA20096FDB9 /* BossListView.swift */; };
		307E58E82F8E9FA20096FDB9 /* ContentView.swift in Sources */ = {isa = PBXBuildFile; fileRef = 307E58B02F8E9FA20096FDB9 /* ContentView.swift */; };
		307E58E92F8E9FA20096FDB9 /* GameBossesView.swift in Sources */ = {isa = PBXBuildFile; fileRef = 307E58B12F8E9FA20096FDB9 /* GameBossesView.swift */; };
		307E58EA2F8E9FA20096FDB9 /* GamesView.swift in Sources */ = {isa = PBXBuildFile; fileRef = 307E58B22F8E9FA20096FDB9 /* GamesView.swift */; };
		307E58EB2F8E9FA20096FDB9 /* GroupBossesView.swift in Sources */ = {isa = PBXBuildFile; fileRef = 307E58B32F8E9FA20096FDB9 /* GroupBossesView.swift */; };
		307E58EC2F8E9FA20096FDB9 /* HomeView.swift in Sources */ = {isa = PBXBuildFile; fileRef = 307E58B42F8E9FA20096FDB9 /* HomeView.swift */; };
		307E58ED2F8E9FA20096FDB9 /* KillLogView.swift in Sources */ = {isa = PBXBuildFile; fileRef = 307E58B52F8E9FA20096FDB9 /* KillLogView.swift */; };
		307E58EE2F8E9FA20096FDB9 /* OnboardingFlowView.swift in Sources */ = {isa = PBXBuildFile; fileRef = 307E58B62F8E9FA20096FDB9 /* OnboardingFlowView.swift */; };
		307E58EF2F8E9FA20096FDB9 /* PlanHubView.swift in Sources */ = {isa = PBXBuildFile; fileRef = 307E58B72F8E9FA20096FDB9 /* PlanHubView.swift */; };
		307E58F02F8E9FA20096FDB9 /* RaidGroupsView.swift in Sources */ = {isa = PBXBuildFile; fileRef = 307E58B82F8E9FA20096FDB9 /* RaidGroupsView.swift */; };
		307E58F12F8E9FA20096FDB9 /* RaidNightView.swift in Sources */ = {isa = PBXBuildFile; fileRef = 307E58B92F8E9FA20096FDB9 /* RaidNightView.swift */; };
		307E58F22F8E9FA20096FDB9 /* SettingsView.swift in Sources */ = {isa = PBXBuildFile; fileRef = 307E58BA2F8E9FA20096FDB9 /* SettingsView.swift */; };
		307E58F32F8E9FA20096FDB9 /* StatisticsDashboardView.swift in Sources */ = {isa = PBXBuildFile; fileRef = 307E58BB2F8E9FA20096FDB9 /* StatisticsDashboardView.swift */; };
		307E58F42F8E9FA20096FDB9 /* TemplateLibraryView.swift in Sources */ = {isa = PBXBuildFile; fileRef = 307E58BC2F8E9FA20096FDB9 /* TemplateLibraryView.swift */; };
		307E58F52F8E9FA20096FDB9 /* AppDelegate.swift in Sources */ = {isa = PBXBuildFile; fileRef = 307E58C02F8E9FA20096FDB9 /* AppDelegate.swift */; };
		307E58F62F8E9FA20096FDB9 /* SceneDelegate.swift in Sources */ = {isa = PBXBuildFile; fileRef = 307E58C72F8E9FA20096FDB9 /* SceneDelegate.swift */; };
		307E58F72F8E9FA20096FDB9 /* ViewController.swift in Sources */ = {isa = PBXBuildFile; fileRef = 307E58C82F8E9FA20096FDB9 /* ViewController.swift */; };
		307E58F82F8E9FA20096FDB9 /* Assets.xcassets in Resources */ = {isa = PBXBuildFile; fileRef = 307E58C12F8E9FA20096FDB9 /* Assets.xcassets */; };
		307E58FA2F8E9FA20096FDB9 /* LaunchScreen.storyboard in Resources */ = {isa = PBXBuildFile; fileRef = 307E58C42F8E9FA20096FDB9 /* LaunchScreen.storyboard */; };
		307E58FB2F8E9FA20096FDB9 /* Main.storyboard in Resources */ = {isa = PBXBuildFile; fileRef = 307E58C62F8E9FA20096FDB9 /* Main.storyboard */; };
/* End PBXBuildFile section */

/* Begin PBXFileReference section */
		307E588B2F8E9FA20096FDB9 /* Color+Raid.swift */ = {isa = PBXFileReference; lastKnownFileType = sourcecode.swift; path = "Color+Raid.swift"; sourceTree = "<group>"; };
		307E588C2F8E9FA20096FDB9 /* RaidVisualStyle.swift */ = {isa = PBXFileReference; lastKnownFileType = sourcecode.swift; path = RaidVisualStyle.swift; sourceTree = "<group>"; };
		307E588E2F8E9FA20096FDB9 /* ActivityView.swift */ = {isa = PBXFileReference; lastKnownFileType = sourcecode.swift; path = ActivityView.swift; sourceTree = "<group>"; };
		307E588F2F8E9FA20096FDB9 /* AppExternalLink.swift */ = {isa = PBXFileReference; lastKnownFileType = sourcecode.swift; path = AppExternalLink.swift; sourceTree = "<group>"; };
		307E58902F8E9FA20096FDB9 /* DateFormatting.swift */ = {isa = PBXFileReference; lastKnownFileType = sourcecode.swift; path = DateFormatting.swift; sourceTree = "<group>"; };
		307E58962F8E9FA20096FDB9 /* BossTemplateCatalog.swift */ = {isa = PBXFileReference; lastKnownFileType = sourcecode.swift; path = BossTemplateCatalog.swift; sourceTree = "<group>"; };
		307E58982F8E9FA20096FDB9 /* Boss.swift */ = {isa = PBXFileReference; lastKnownFileType = sourcecode.swift; path = Boss.swift; sourceTree = "<group>"; };
		307E58992F8E9FA20096FDB9 /* BossDifficulty.swift */ = {isa = PBXFileReference; lastKnownFileType = sourcecode.swift; path = BossDifficulty.swift; sourceTree = "<group>"; };
		307E589A2F8E9FA20096FDB9 /* BossStatus.swift */ = {isa = PBXFileReference; lastKnownFileType = sourcecode.swift; path = BossStatus.swift; sourceTree = "<group>"; };
		307E589B2F8E9FA20096FDB9 /* Game.swift */ = {isa = PBXFileReference; lastKnownFileType = sourcecode.swift; path = Game.swift; sourceTree = "<group>"; };
		307E589C2F8E9FA20096FDB9 /* KillLog.swift */ = {isa = PBXFileReference; lastKnownFileType = sourcecode.swift; path = KillLog.swift; sourceTree = "<group>"; };
		307E589D2F8E9FA20096FDB9 /* NotificationSetting.swift */ = {isa = PBXFileReference; lastKnownFileType = sourcecode.swift; path = NotificationSetting.swift; sourceTree = "<group>"; };
		307E589E2F8E9FA20096FDB9 /* RaidGroup.swift */ = {isa = PBXFileReference; lastKnownFileType = sourcecode.swift; path = RaidGroup.swift; sourceTree = "<group>"; };
		307E589F2F8E9FA20096FDB9 /* RaidNightSchedule.swift */ = {isa = PBXFileReference; lastKnownFileType = sourcecode.swift; path = RaidNightSchedule.swift; sourceTree = "<group>"; };
		307E58A22F8E9FA20096FDB9 /* BossCard.swift */ = {isa = PBXFileReference; lastKnownFileType = sourcecode.swift; path = BossCard.swift; sourceTree = "<group>"; };
		307E58A32F8E9FA20096FDB9 /* GameCard.swift */ = {isa = PBXFileReference; lastKnownFileType = sourcecode.swift; path = GameCard.swift; sourceTree = "<group>"; };
		307E58A42F8E9FA20096FDB9 /* GroupCard.swift */ = {isa = PBXFileReference; lastKnownFileType = sourcecode.swift; path = GroupCard.swift; sourceTree = "<group>"; };
		307E58A52F8E9FA20096FDB9 /* HomeCompactBossRow.swift */ = {isa = PBXFileReference; lastKnownFileType = sourcecode.swift; path = HomeCompactBossRow.swift; sourceTree = "<group>"; };
		307E58A62F8E9FA20096FDB9 /* HomeQuickActionTile.swift */ = {isa = PBXFileReference; lastKnownFileType = sourcecode.swift; path = HomeQuickActionTile.swift; sourceTree = "<group>"; };
		307E58A72F8E9FA20096FDB9 /* KillLogCard.swift */ = {isa = PBXFileReference; lastKnownFileType = sourcecode.swift; path = KillLogCard.swift; sourceTree = "<group>"; };
		307E58A82F8E9FA20096FDB9 /* StatCard.swift */ = {isa = PBXFileReference; lastKnownFileType = sourcecode.swift; path = StatCard.swift; sourceTree = "<group>"; };
		307E58AA2F8E9FA20096FDB9 /* RaidWatchViewModel.swift */ = {isa = PBXFileReference; lastKnownFileType = sourcecode.swift; path = RaidWatchViewModel.swift; sourceTree = "<group>"; };
		307E58AC2F8E9FA20096FDB9 /* AddBossView.swift */ = {isa = PBXFileReference; lastKnownFileType = sourcecode.swift; path = AddBossView.swift; sourceTree = "<group>"; };
		307E58AD2F8E9FA20096FDB9 /* AddGameView.swift */ = {isa = PBXFileReference; lastKnownFileType = sourcecode.swift; path = AddGameView.swift; sourceTree = "<group>"; };
		307E58AE2F8E9FA20096FDB9 /* AddGroupView.swift */ = {isa = PBXFileReference; lastKnownFileType = sourcecode.swift; path = AddGroupView.swift; sourceTree = "<group>"; };
		307E58AF2F8E9FA20096FDB9 /* BossListView.swift */ = {isa = PBXFileReference; lastKnownFileType = sourcecode.swift; path = BossListView.swift; sourceTree = "<group>"; };
		307E58B02F8E9FA20096FDB9 /* ContentView.swift */ = {isa = PBXFileReference; lastKnownFileType = sourcecode.swift; path = ContentView.swift; sourceTree = "<group>"; };
		307E58B12F8E9FA20096FDB9 /* GameBossesView.swift */ = {isa = PBXFileReference; lastKnownFileType = sourcecode.swift; path = GameBossesView.swift; sourceTree = "<group>"; };
		307E58B22F8E9FA20096FDB9 /* GamesView.swift */ = {isa = PBXFileReference; lastKnownFileType = sourcecode.swift; path = GamesView.swift; sourceTree = "<group>"; };
		307E58B32F8E9FA20096FDB9 /* GroupBossesView.swift */ = {isa = PBXFileReference; lastKnownFileType = sourcecode.swift; path = GroupBossesView.swift; sourceTree = "<group>"; };
		307E58B42F8E9FA20096FDB9 /* HomeView.swift */ = {isa = PBXFileReference; lastKnownFileType = sourcecode.swift; path = HomeView.swift; sourceTree = "<group>"; };
		307E58B52F8E9FA20096FDB9 /* KillLogView.swift */ = {isa = PBXFileReference; lastKnownFileType = sourcecode.swift; path = KillLogView.swift; sourceTree = "<group>"; };
		307E58B62F8E9FA20096FDB9 /* OnboardingFlowView.swift */ = {isa = PBXFileReference; lastKnownFileType = sourcecode.swift; path = OnboardingFlowView.swift; sourceTree = "<group>"; };
		307E58B72F8E9FA20096FDB9 /* PlanHubView.swift */ = {isa = PBXFileReference; lastKnownFileType = sourcecode.swift; path = PlanHubView.swift; sourceTree = "<group>"; };
		307E58B82F8E9FA20096FDB9 /* RaidGroupsView.swift */ = {isa = PBXFileReference; lastKnownFileType = sourcecode.swift; path = RaidGroupsView.swift; sourceTree = "<group>"; };
		307E58B92F8E9FA20096FDB9 /* RaidNightView.swift */ = {isa = PBXFileReference; lastKnownFileType = sourcecode.swift; path = RaidNightView.swift; sourceTree = "<group>"; };
		307E58BA2F8E9FA20096FDB9 /* SettingsView.swift */ = {isa = PBXFileReference; lastKnownFileType = sourcecode.swift; path = SettingsView.swift; sourceTree = "<group>"; };
		307E58BB2F8E9FA20096FDB9 /* StatisticsDashboardView.swift */ = {isa = PBXFileReference; lastKnownFileType = sourcecode.swift; path = StatisticsDashboardView.swift; sourceTree = "<group>"; };
		307E58BC2F8E9FA20096FDB9 /* TemplateLibraryView.swift */ = {isa = PBXFileReference; lastKnownFileType = sourcecode.swift; path = TemplateLibraryView.swift; sourceTree = "<group>"; };
		307E58C02F8E9FA20096FDB9 /* AppDelegate.swift */ = {isa = PBXFileReference; lastKnownFileType = sourcecode.swift; path = AppDelegate.swift; sourceTree = "<group>"; };
		307E58C12F8E9FA20096FDB9 /* Assets.xcassets */ = {isa = PBXFileReference; lastKnownFileType = folder.assetcatalog; path = Assets.xcassets; sourceTree = "<group>"; };
		307E58C22F8E9FA20096FDB9 /* Info.plist */ = {isa = PBXFileReference; lastKnownFileType = text.plist.xml; path = Info.plist; sourceTree = "<group>"; };
		307E58C32F8E9FA20096FDB9 /* Base */ = {isa = PBXFileReference; lastKnownFileType = file.storyboard; name = Base; path = Base.lproj/LaunchScreen.storyboard; sourceTree = "<group>"; };
		307E58C52F8E9FA20096FDB9 /* Base */ = {isa = PBXFileReference; lastKnownFileType = file.storyboard; name = Base; path = Base.lproj/Main.storyboard; sourceTree = "<group>"; };
		307E58C72F8E9FA20096FDB9 /* SceneDelegate.swift */ = {isa = PBXFileReference; lastKnownFileType = sourcecode.swift; path = SceneDelegate.swift; sourceTree = "<group>"; };
		307E58C82F8E9FA20096FDB9 /* ViewController.swift */ = {isa = PBXFileReference; lastKnownFileType = sourcecode.swift; path = ViewController.swift; sourceTree = "<group>"; };
		5403CDCECCD8FC59E9959FED /* Pods-117BossTimer.debug.xcconfig */ = {isa = PBXFileReference; includeInIndex = 1; lastKnownFileType = text.xcconfig; name = "Pods-117BossTimer.debug.xcconfig"; path = "Target Support Files/Pods-117BossTimer/Pods-117BossTimer.debug.xcconfig"; sourceTree = "<group>"; };
		5BD4A8B8C93935650B16C117 /* Pods-117BossTimer.release.xcconfig */ = {isa = PBXFileReference; includeInIndex = 1; lastKnownFileType = text.xcconfig; name = "Pods-117BossTimer.release.xcconfig"; path = "Target Support Files/Pods-117BossTimer/Pods-117BossTimer.release.xcconfig"; sourceTree = "<group>"; };
		695609EBEB8309B0BAAF44F7 /* Pods_117BossTimer.framework */ = {isa = PBXFileReference; explicitFileType = wrapper.framework; includeInIndex = 0; path = Pods_117BossTimer.framework; sourceTree = BUILT_PRODUCTS_DIR; };
		746A1A982F839C6F0076A047 /* 117BossTimer.app */ = {isa = PBXFileReference; explicitFileType = wrapper.application; includeInIndex = 0; path = 117BossTimer.app; sourceTree = BUILT_PRODUCTS_DIR; };
/* End PBXFileReference section */

/* Begin PBXFrameworksBuildPhase section */
		746A1A952F839C6F0076A047 /* Frameworks */ = {
			isa = PBXFrameworksBuildPhase;
			buildActionMask = 2147483647;
			files = (
			);
			runOnlyForDeploymentPostprocessing = 0;
		};
/* End PBXFrameworksBuildPhase section */

/* Begin PBXGroup section */
		307E588D2F8E9FA20096FDB9 /* Theme */ = {
			isa = PBXGroup;
			children = (
				307E588B2F8E9FA20096FDB9 /* Color+Raid.swift */,
				307E588C2F8E9FA20096FDB9 /* RaidVisualStyle.swift */,
			);
			path = Theme;
			sourceTree = "<group>";
		};
		307E58912F8E9FA20096FDB9 /* Utilities */ = {
			isa = PBXGroup;
			children = (
				307E588E2F8E9FA20096FDB9 /* ActivityView.swift */,
				307E588F2F8E9FA20096FDB9 /* AppExternalLink.swift */,
				307E58902F8E9FA20096FDB9 /* DateFormatting.swift */,
			);
			path = Utilities;
			sourceTree = "<group>";
		};
		307E58952F8E9FA20096FDB9 /* Core */ = {
			isa = PBXGroup;
			children = (
				307E588D2F8E9FA20096FDB9 /* Theme */,
				307E58912F8E9FA20096FDB9 /* Utilities */,
			);
			path = Core;
			sourceTree = "<group>";
		};
		307E58972F8E9FA20096FDB9 /* Catalog */ = {
			isa = PBXGroup;
			children = (
				307E58962F8E9FA20096FDB9 /* BossTemplateCatalog.swift */,
			);
			path = Catalog;
			sourceTree = "<group>";
		};
		307E58A02F8E9FA20096FDB9 /* Models */ = {
			isa = PBXGroup;
			children = (
				307E58982F8E9FA20096FDB9 /* Boss.swift */,
				307E58992F8E9FA20096FDB9 /* BossDifficulty.swift */,
				307E589A2F8E9FA20096FDB9 /* BossStatus.swift */,
				307E589B2F8E9FA20096FDB9 /* Game.swift */,
				307E589C2F8E9FA20096FDB9 /* KillLog.swift */,
				307E589D2F8E9FA20096FDB9 /* NotificationSetting.swift */,
				307E589E2F8E9FA20096FDB9 /* RaidGroup.swift */,
				307E589F2F8E9FA20096FDB9 /* RaidNightSchedule.swift */,
			);
			path = Models;
			sourceTree = "<group>";
		};
		307E58A12F8E9FA20096FDB9 /* Domain */ = {
			isa = PBXGroup;
			children = (
				307E58972F8E9FA20096FDB9 /* Catalog */,
				307E58A02F8E9FA20096FDB9 /* Models */,
			);
			path = Domain;
			sourceTree = "<group>";
		};
		307E58A92F8E9FA20096FDB9 /* Components */ = {
			isa = PBXGroup;
			children = (
				307E58A22F8E9FA20096FDB9 /* BossCard.swift */,
				307E58A32F8E9FA20096FDB9 /* GameCard.swift */,
				307E58A42F8E9FA20096FDB9 /* GroupCard.swift */,
				307E58A52F8E9FA20096FDB9 /* HomeCompactBossRow.swift */,
				307E58A62F8E9FA20096FDB9 /* HomeQuickActionTile.swift */,
				307E58A72F8E9FA20096FDB9 /* KillLogCard.swift */,
				307E58A82F8E9FA20096FDB9 /* StatCard.swift */,
			);
			path = Components;
			sourceTree = "<group>";
		};
		307E58AB2F8E9FA20096FDB9 /* ViewModels */ = {
			isa = PBXGroup;
			children = (
				307E58AA2F8E9FA20096FDB9 /* RaidWatchViewModel.swift */,
			);
			path = ViewModels;
			sourceTree = "<group>";
		};
		307E58BD2F8E9FA20096FDB9 /* Views */ = {
			isa = PBXGroup;
			children = (
				307E58AC2F8E9FA20096FDB9 /* AddBossView.swift */,
				307E58AD2F8E9FA20096FDB9 /* AddGameView.swift */,
				307E58AE2F8E9FA20096FDB9 /* AddGroupView.swift */,
				307E58AF2F8E9FA20096FDB9 /* BossListView.swift */,
				307E58B02F8E9FA20096FDB9 /* ContentView.swift */,
				307E58B12F8E9FA20096FDB9 /* GameBossesView.swift */,
				307E58B22F8E9FA20096FDB9 /* GamesView.swift */,
				307E58B32F8E9FA20096FDB9 /* GroupBossesView.swift */,
				307E58B42F8E9FA20096FDB9 /* HomeView.swift */,
				307E58B52F8E9FA20096FDB9 /* KillLogView.swift */,
				307E58B62F8E9FA20096FDB9 /* OnboardingFlowView.swift */,
				307E58B72F8E9FA20096FDB9 /* PlanHubView.swift */,
				307E58B82F8E9FA20096FDB9 /* RaidGroupsView.swift */,
				307E58B92F8E9FA20096FDB9 /* RaidNightView.swift */,
				307E58BA2F8E9FA20096FDB9 /* SettingsView.swift */,
				307E58BB2F8E9FA20096FDB9 /* StatisticsDashboardView.swift */,
				307E58BC2F8E9FA20096FDB9 /* TemplateLibraryView.swift */,
			);
			path = Views;
			sourceTree = "<group>";
		};
		307E58BE2F8E9FA20096FDB9 /* Presentation */ = {
			isa = PBXGroup;
			children = (
				307E58A92F8E9FA20096FDB9 /* Components */,
				307E58AB2F8E9FA20096FDB9 /* ViewModels */,
				307E58BD2F8E9FA20096FDB9 /* Views */,
			);
			path = Presentation;
			sourceTree = "<group>";
		};
		307E58C92F8E9FA20096FDB9 /* 117BossTimer */ = {
			isa = PBXGroup;
			children = (
				307E58952F8E9FA20096FDB9 /* Core */,
				307E58A12F8E9FA20096FDB9 /* Domain */,
				307E58BE2F8E9FA20096FDB9 /* Presentation */,
				307E58C02F8E9FA20096FDB9 /* AppDelegate.swift */,
				307E58C12F8E9FA20096FDB9 /* Assets.xcassets */,
				307E58C22F8E9FA20096FDB9 /* Info.plist */,
				307E58C42F8E9FA20096FDB9 /* LaunchScreen.storyboard */,
				307E58C62F8E9FA20096FDB9 /* Main.storyboard */,
				307E58C72F8E9FA20096FDB9 /* SceneDelegate.swift */,
				307E58C82F8E9FA20096FDB9 /* ViewController.swift */,
			);
			path = 117BossTimer;
			sourceTree = "<group>";
		};
		5F76AFE06D8E652BA99206CA /* Pods */ = {
			isa = PBXGroup;
			children = (
				5403CDCECCD8FC59E9959FED /* Pods-117BossTimer.debug.xcconfig */,
				5BD4A8B8C93935650B16C117 /* Pods-117BossTimer.release.xcconfig */,
			);
			path = Pods;
			sourceTree = "<group>";
		};
		746A1A8F2F839C6F0076A047 = {
			isa = PBXGroup;
			children = (
				307E58C92F8E9FA20096FDB9 /* 117BossTimer */,
				746A1A992F839C6F0076A047 /* Products */,
				5F76AFE06D8E652BA99206CA /* Pods */,
				DB66F060E34806746AC6E03F /* Frameworks */,
			);
			sourceTree = "<group>";
		};
		746A1A992F839C6F0076A047 /* Products */ = {
			isa = PBXGroup;
			children = (
				746A1A982F839C6F0076A047 /* 117BossTimer.app */,
			);
			name = Products;
			sourceTree = "<group>";
		};
		DB66F060E34806746AC6E03F /* Frameworks */ = {
			isa = PBXGroup;
			children = (
				695609EBEB8309B0BAAF44F7 /* Pods_117BossTimer.framework */,
			);
			name = Frameworks;
			sourceTree = "<group>";
		};
/* End PBXGroup section */

/* Begin PBXNativeTarget section */
		746A1A972F839C6F0076A047 /* 117BossTimer */ = {
			isa = PBXNativeTarget;
			buildConfigurationList = 746A1AAB2F839C710076A047 /* Build configuration list for PBXNativeTarget "117BossTimer" */;
			buildPhases = (
				45BBC8225BDF345F795B01DF /* [CP] Check Pods Manifest.lock */,
				746A1A942F839C6F0076A047 /* Sources */,
				746A1A952F839C6F0076A047 /* Frameworks */,
				746A1A962F839C6F0076A047 /* Resources */,
			);
			buildRules = (
			);
			dependencies = (
			);
			name = 117BossTimer;
			packageProductDependencies = (
			);
			productName = 117BossTimer;
			productReference = 746A1A982F839C6F0076A047 /* 117BossTimer.app */;
			productType = "com.apple.product-type.application";
		};
/* End PBXNativeTarget section */

/* Begin PBXProject section */
		746A1A902F839C6F0076A047 /* Project object */ = {
			isa = PBXProject;
			attributes = {
				BuildIndependentTargetsInParallel = 1;
				LastSwiftUpdateCheck = 2620;
				LastUpgradeCheck = 2620;
				TargetAttributes = {
					746A1A972F839C6F0076A047 = {
						CreatedOnToolsVersion = 26.2;
					};
				};
			};
			buildConfigurationList = 746A1A932F839C6F0076A047 /* Build configuration list for PBXProject "117BossTimer" */;
			compatibilityVersion = "Xcode 15.0";
			developmentRegion = en;
			hasScannedForEncodings = 0;
			knownRegions = (
				en,
				Base,
			);
			mainGroup = 746A1A8F2F839C6F0076A047;
			productRefGroup = 746A1A992F839C6F0076A047 /* Products */;
			projectDirPath = "";
			projectRoot = "";
			targets = (
				746A1A972F839C6F0076A047 /* 117BossTimer */,
			);
		};
/* End PBXProject section */

/* Begin PBXResourcesBuildPhase section */
		746A1A962F839C6F0076A047 /* Resources */ = {
			isa = PBXResourcesBuildPhase;
			buildActionMask = 2147483647;
			files = (
				307E58F82F8E9FA20096FDB9 /* Assets.xcassets in Resources */,
				307E58FA2F8E9FA20096FDB9 /* LaunchScreen.storyboard in Resources */,
				307E58FB2F8E9FA20096FDB9 /* Main.storyboard in Resources */,
			);
			runOnlyForDeploymentPostprocessing = 0;
		};
/* End PBXResourcesBuildPhase section */

/* Begin PBXShellScriptBuildPhase section */
		45BBC8225BDF345F795B01DF /* [CP] Check Pods Manifest.lock */ = {
			isa = PBXShellScriptBuildPhase;
			buildActionMask = 2147483647;
			files = (
			);
			inputFileListPaths = (
			);
			inputPaths = (
				"${PODS_PODFILE_DIR_PATH}/Podfile.lock",
				"${PODS_ROOT}/Manifest.lock",
			);
			name = "[CP] Check Pods Manifest.lock";
			outputFileListPaths = (
			);
			outputPaths = (
				"$(DERIVED_FILE_DIR)/Pods-117BossTimer-checkManifestLockResult.txt",
			);
			runOnlyForDeploymentPostprocessing = 0;
			shellPath = /bin/sh;
			shellScript = "diff \"${PODS_PODFILE_DIR_PATH}/Podfile.lock\" \"${PODS_ROOT}/Manifest.lock\" > /dev/null\nif [ $? != 0 ] ; then\n    # print error to STDERR\n    echo \"error: The sandbox is not in sync with the Podfile.lock. Run 'pod install' or update your CocoaPods installation.\" >&2\n    exit 1\nfi\n# This output is used by Xcode 'outputs' to avoid re-running this script phase.\necho \"SUCCESS\" > \"${SCRIPT_OUTPUT_FILE_0}\"\n";
			showEnvVarsInLog = 0;
		};
/* End PBXShellScriptBuildPhase section */

/* Begin PBXSourcesBuildPhase section */
		746A1A942F839C6F0076A047 /* Sources */ = {
			isa = PBXSourcesBuildPhase;
			buildActionMask = 2147483647;
			files = (
				307E58CC2F8E9FA20096FDB9 /* Color+Raid.swift in Sources */,
				307E58CD2F8E9FA20096FDB9 /* RaidVisualStyle.swift in Sources */,
				307E58CE2F8E9FA20096FDB9 /* ActivityView.swift in Sources */,
				307E58CF2F8E9FA20096FDB9 /* AppExternalLink.swift in Sources */,
				307E58D02F8E9FA20096FDB9 /* DateFormatting.swift in Sources */,
				307E58D32F8E9FA20096FDB9 /* BossTemplateCatalog.swift in Sources */,
				307E58D42F8E9FA20096FDB9 /* Boss.swift in Sources */,
				307E58D52F8E9FA20096FDB9 /* BossDifficulty.swift in Sources */,
				307E58D62F8E9FA20096FDB9 /* BossStatus.swift in Sources */,
				307E58D72F8E9FA20096FDB9 /* Game.swift in Sources */,
				307E58D82F8E9FA20096FDB9 /* KillLog.swift in Sources */,
				307E58D92F8E9FA20096FDB9 /* NotificationSetting.swift in Sources */,
				307E58DA2F8E9FA20096FDB9 /* RaidGroup.swift in Sources */,
				307E58DB2F8E9FA20096FDB9 /* RaidNightSchedule.swift in Sources */,
				307E58DC2F8E9FA20096FDB9 /* BossCard.swift in Sources */,
				307E58DD2F8E9FA20096FDB9 /* GameCard.swift in Sources */,
				307E58DE2F8E9FA20096FDB9 /* GroupCard.swift in Sources */,
				307E58DF2F8E9FA20096FDB9 /* HomeCompactBossRow.swift in Sources */,
				307E58E02F8E9FA20096FDB9 /* HomeQuickActionTile.swift in Sources */,
				307E58E12F8E9FA20096FDB9 /* KillLogCard.swift in Sources */,
				307E58E22F8E9FA20096FDB9 /* StatCard.swift in Sources */,
				307E58E32F8E9FA20096FDB9 /* RaidWatchViewModel.swift in Sources */,
				307E58E42F8E9FA20096FDB9 /* AddBossView.swift in Sources */,
				307E58E52F8E9FA20096FDB9 /* AddGameView.swift in Sources */,
				307E58E62F8E9FA20096FDB9 /* AddGroupView.swift in Sources */,
				307E58E72F8E9FA20096FDB9 /* BossListView.swift in Sources */,
				307E58E82F8E9FA20096FDB9 /* ContentView.swift in Sources */,
				307E58E92F8E9FA20096FDB9 /* GameBossesView.swift in Sources */,
				307E58EA2F8E9FA20096FDB9 /* GamesView.swift in Sources */,
				307E58EB2F8E9FA20096FDB9 /* GroupBossesView.swift in Sources */,
				307E58EC2F8E9FA20096FDB9 /* HomeView.swift in Sources */,
				307E58ED2F8E9FA20096FDB9 /* KillLogView.swift in Sources */,
				307E58EE2F8E9FA20096FDB9 /* OnboardingFlowView.swift in Sources */,
				307E58EF2F8E9FA20096FDB9 /* PlanHubView.swift in Sources */,
				307E58F02F8E9FA20096FDB9 /* RaidGroupsView.swift in Sources */,
				307E58F12F8E9FA20096FDB9 /* RaidNightView.swift in Sources */,
				307E58F22F8E9FA20096FDB9 /* SettingsView.swift in Sources */,
				307E58F32F8E9FA20096FDB9 /* StatisticsDashboardView.swift in Sources */,
				307E58F42F8E9FA20096FDB9 /* TemplateLibraryView.swift in Sources */,
				307E58F52F8E9FA20096FDB9 /* AppDelegate.swift in Sources */,
				307E58F62F8E9FA20096FDB9 /* SceneDelegate.swift in Sources */,
				307E58F72F8E9FA20096FDB9 /* ViewController.swift in Sources */,
			);
			runOnlyForDeploymentPostprocessing = 0;
		};
/* End PBXSourcesBuildPhase section */

/* Begin PBXVariantGroup section */
		307E58C42F8E9FA20096FDB9 /* LaunchScreen.storyboard */ = {
			isa = PBXVariantGroup;
			children = (
				307E58C32F8E9FA20096FDB9 /* Base */,
			);
			name = LaunchScreen.storyboard;
			sourceTree = "<group>";
		};
		307E58C62F8E9FA20096FDB9 /* Main.storyboard */ = {
			isa = PBXVariantGroup;
			children = (
				307E58C52F8E9FA20096FDB9 /* Base */,
			);
			name = Main.storyboard;
			sourceTree = "<group>";
		};
/* End PBXVariantGroup section */

/* Begin XCBuildConfiguration section */
		746A1AAC2F839C710076A047 /* Debug */ = {
			isa = XCBuildConfiguration;
			baseConfigurationReference = 5403CDCECCD8FC59E9959FED /* Pods-117BossTimer.debug.xcconfig */;
			buildSettings = {
				ASSETCATALOG_COMPILER_APPICON_NAME = AppIcon;
				ASSETCATALOG_COMPILER_GLOBAL_ACCENT_COLOR_NAME = AccentColor;
				CODE_SIGN_STYLE = Automatic;
				CURRENT_PROJECT_VERSION = 2;
				GENERATE_INFOPLIST_FILE = YES;
				INFOPLIST_FILE = 117BossTimer/Info.plist;
				INFOPLIST_KEY_CFBundleDisplayName = "BossTimer - Raids";
				INFOPLIST_KEY_UIApplicationSupportsIndirectInputEvents = YES;
				INFOPLIST_KEY_UILaunchStoryboardName = LaunchScreen;
				INFOPLIST_KEY_UISupportedInterfaceOrientations = UIInterfaceOrientationPortrait;
				INFOPLIST_KEY_UISupportedInterfaceOrientations_iPad = "UIInterfaceOrientationLandscapeLeft UIInterfaceOrientationLandscapeRight UIInterfaceOrientationPortrait UIInterfaceOrientationPortraitUpsideDown";
				IPHONEOS_DEPLOYMENT_TARGET = 17;
				LD_RUNPATH_SEARCH_PATHS = (
					"$(inherited)",
					"@executable_path/Frameworks",
				);
				MARKETING_VERSION = 1.0;
				PRODUCT_BUNDLE_IDENTIFIER = com.era.b00sst3m5rr39ds;
				PRODUCT_NAME = "$(TARGET_NAME)";
				STRING_CATALOG_GENERATE_SYMBOLS = YES;
				SUPPORTED_PLATFORMS = "iphoneos iphonesimulator";
				SUPPORTS_MACCATALYST = NO;
				SUPPORTS_MAC_DESIGNED_FOR_IPHONE_IPAD = NO;
				SUPPORTS_XR_DESIGNED_FOR_IPHONE_IPAD = NO;
				SWIFT_APPROACHABLE_CONCURRENCY = YES;
				SWIFT_DEFAULT_ACTOR_ISOLATION = MainActor;
				SWIFT_EMIT_LOC_STRINGS = YES;
				SWIFT_UPCOMING_FEATURE_MEMBER_IMPORT_VISIBILITY = YES;
				SWIFT_VERSION = 5.0;
				TARGETED_DEVICE_FAMILY = 1;
			};
			name = Debug;
		};
		746A1AAD2F839C710076A047 /* Release */ = {
			isa = XCBuildConfiguration;
			baseConfigurationReference = 5BD4A8B8C93935650B16C117 /* Pods-117BossTimer.release.xcconfig */;
			buildSettings = {
				ASSETCATALOG_COMPILER_APPICON_NAME = AppIcon;
				ASSETCATALOG_COMPILER_GLOBAL_ACCENT_COLOR_NAME = AccentColor;
				CODE_SIGN_STYLE = Automatic;
				CURRENT_PROJECT_VERSION = 2;
				GENERATE_INFOPLIST_FILE = YES;
				INFOPLIST_FILE = 117BossTimer/Info.plist;
				INFOPLIST_KEY_CFBundleDisplayName = "BossTimer - Raids";
				INFOPLIST_KEY_UIApplicationSupportsIndirectInputEvents = YES;
				INFOPLIST_KEY_UILaunchStoryboardName = LaunchScreen;
				INFOPLIST_KEY_UISupportedInterfaceOrientations = UIInterfaceOrientationPortrait;
				INFOPLIST_KEY_UISupportedInterfaceOrientations_iPad = "UIInterfaceOrientationLandscapeLeft UIInterfaceOrientationLandscapeRight UIInterfaceOrientationPortrait UIInterfaceOrientationPortraitUpsideDown";
				IPHONEOS_DEPLOYMENT_TARGET = 17;
				LD_RUNPATH_SEARCH_PATHS = (
					"$(inherited)",
					"@executable_path/Frameworks",
				);
				MARKETING_VERSION = 1.0;
				PRODUCT_BUNDLE_IDENTIFIER = com.era.b00sst3m5rr39ds;
				PRODUCT_NAME = "$(TARGET_NAME)";
				STRING_CATALOG_GENERATE_SYMBOLS = YES;
				SUPPORTED_PLATFORMS = "iphoneos iphonesimulator";
				SUPPORTS_MACCATALYST = NO;
				SUPPORTS_MAC_DESIGNED_FOR_IPHONE_IPAD = NO;
				SUPPORTS_XR_DESIGNED_FOR_IPHONE_IPAD = NO;
				SWIFT_APPROACHABLE_CONCURRENCY = YES;
				SWIFT_DEFAULT_ACTOR_ISOLATION = MainActor;
				SWIFT_EMIT_LOC_STRINGS = YES;
				SWIFT_UPCOMING_FEATURE_MEMBER_IMPORT_VISIBILITY = YES;
				SWIFT_VERSION = 5.0;
				TARGETED_DEVICE_FAMILY = 1;
			};
			name = Release;
		};
		746A1AAE2F839C710076A047 /* Debug */ = {
			isa = XCBuildConfiguration;
			buildSettings = {
				ALWAYS_SEARCH_USER_PATHS = NO;
				ASSETCATALOG_COMPILER_GENERATE_SWIFT_ASSET_SYMBOL_EXTENSIONS = YES;
				CLANG_ANALYZER_NONNULL = YES;
				CLANG_ANALYZER_NUMBER_OBJECT_CONVERSION = YES_AGGRESSIVE;
				CLANG_CXX_LANGUAGE_STANDARD = "gnu++20";
				CLANG_ENABLE_MODULES = YES;
				CLANG_ENABLE_OBJC_ARC = YES;
				CLANG_ENABLE_OBJC_WEAK = YES;
				CLANG_WARN_BLOCK_CAPTURE_AUTORELEASING = YES;
				CLANG_WARN_BOOL_CONVERSION = YES;
				CLANG_WARN_COMMA = YES;
				CLANG_WARN_CONSTANT_CONVERSION = YES;
				CLANG_WARN_DEPRECATED_OBJC_IMPLEMENTATIONS = YES;
				CLANG_WARN_DIRECT_OBJC_ISA_USAGE = YES_ERROR;
				CLANG_WARN_DOCUMENTATION_COMMENTS = YES;
				CLANG_WARN_EMPTY_BODY = YES;
				CLANG_WARN_ENUM_CONVERSION = YES;
				CLANG_WARN_INFINITE_RECURSION = YES;
				CLANG_WARN_INT_CONVERSION = YES;
				CLANG_WARN_NON_LITERAL_NULL_CONVERSION = YES;
				CLANG_WARN_OBJC_IMPLICIT_RETAIN_SELF = YES;
				CLANG_WARN_OBJC_LITERAL_CONVERSION = YES;
				CLANG_WARN_OBJC_ROOT_CLASS = YES_ERROR;
				CLANG_WARN_QUOTED_INCLUDE_IN_FRAMEWORK_HEADER = YES;
				CLANG_WARN_RANGE_LOOP_ANALYSIS = YES;
				CLANG_WARN_STRICT_PROTOTYPES = YES;
				CLANG_WARN_SUSPICIOUS_MOVE = YES;
				CLANG_WARN_UNGUARDED_AVAILABILITY = YES_AGGRESSIVE;
				CLANG_WARN_UNREACHABLE_CODE = YES;
				CLANG_WARN__DUPLICATE_METHOD_MATCH = YES;
				COPY_PHASE_STRIP = NO;
				DEBUG_INFORMATION_FORMAT = dwarf;
				ENABLE_STRICT_OBJC_MSGSEND = YES;
				ENABLE_TESTABILITY = YES;
				ENABLE_USER_SCRIPT_SANDBOXING = YES;
				GCC_C_LANGUAGE_STANDARD = gnu17;
				GCC_DYNAMIC_NO_PIC = NO;
				GCC_NO_COMMON_BLOCKS = YES;
				GCC_OPTIMIZATION_LEVEL = 0;
				GCC_PREPROCESSOR_DEFINITIONS = (
					"DEBUG=1",
					"$(inherited)",
				);
				GCC_WARN_64_TO_32_BIT_CONVERSION = YES;
				GCC_WARN_ABOUT_RETURN_TYPE = YES_ERROR;
				GCC_WARN_UNDECLARED_SELECTOR = YES;
				GCC_WARN_UNINITIALIZED_AUTOS = YES_AGGRESSIVE;
				GCC_WARN_UNUSED_FUNCTION = YES;
				GCC_WARN_UNUSED_VARIABLE = YES;
				IPHONEOS_DEPLOYMENT_TARGET = 26.2;
				LOCALIZATION_PREFERS_STRING_CATALOGS = YES;
				MTL_ENABLE_DEBUG_INFO = INCLUDE_SOURCE;
				MTL_FAST_MATH = YES;
				ONLY_ACTIVE_ARCH = YES;
				SDKROOT = iphoneos;
				SWIFT_ACTIVE_COMPILATION_CONDITIONS = "DEBUG $(inherited)";
				SWIFT_OPTIMIZATION_LEVEL = "-Onone";
			};
			name = Debug;
		};
		746A1AAF2F839C710076A047 /* Release */ = {
			isa = XCBuildConfiguration;
			buildSettings = {
				ALWAYS_SEARCH_USER_PATHS = NO;
				ASSETCATALOG_COMPILER_GENERATE_SWIFT_ASSET_SYMBOL_EXTENSIONS = YES;
				CLANG_ANALYZER_NONNULL = YES;
				CLANG_ANALYZER_NUMBER_OBJECT_CONVERSION = YES_AGGRESSIVE;
				CLANG_CXX_LANGUAGE_STANDARD = "gnu++20";
				CLANG_ENABLE_MODULES = YES;
				CLANG_ENABLE_OBJC_ARC = YES;
				CLANG_ENABLE_OBJC_WEAK = YES;
				CLANG_WARN_BLOCK_CAPTURE_AUTORELEASING = YES;
				CLANG_WARN_BOOL_CONVERSION = YES;
				CLANG_WARN_COMMA = YES;
				CLANG_WARN_CONSTANT_CONVERSION = YES;
				CLANG_WARN_DEPRECATED_OBJC_IMPLEMENTATIONS = YES;
				CLANG_WARN_DIRECT_OBJC_ISA_USAGE = YES_ERROR;
				CLANG_WARN_DOCUMENTATION_COMMENTS = YES;
				CLANG_WARN_EMPTY_BODY = YES;
				CLANG_WARN_ENUM_CONVERSION = YES;
				CLANG_WARN_INFINITE_RECURSION = YES;
				CLANG_WARN_INT_CONVERSION = YES;
				CLANG_WARN_NON_LITERAL_NULL_CONVERSION = YES;
				CLANG_WARN_OBJC_IMPLICIT_RETAIN_SELF = YES;
				CLANG_WARN_OBJC_LITERAL_CONVERSION = YES;
				CLANG_WARN_OBJC_ROOT_CLASS = YES_ERROR;
				CLANG_WARN_QUOTED_INCLUDE_IN_FRAMEWORK_HEADER = YES;
				CLANG_WARN_RANGE_LOOP_ANALYSIS = YES;
				CLANG_WARN_STRICT_PROTOTYPES = YES;
				CLANG_WARN_SUSPICIOUS_MOVE = YES;
				CLANG_WARN_UNGUARDED_AVAILABILITY = YES_AGGRESSIVE;
				CLANG_WARN_UNREACHABLE_CODE = YES;
				CLANG_WARN__DUPLICATE_METHOD_MATCH = YES;
				COPY_PHASE_STRIP = NO;
				DEBUG_INFORMATION_FORMAT = "dwarf-with-dsym";
				ENABLE_NS_ASSERTIONS = NO;
				ENABLE_STRICT_OBJC_MSGSEND = YES;
				ENABLE_USER_SCRIPT_SANDBOXING = YES;
				GCC_C_LANGUAGE_STANDARD = gnu17;
				GCC_NO_COMMON_BLOCKS = YES;
				GCC_WARN_64_TO_32_BIT_CONVERSION = YES;
				GCC_WARN_ABOUT_RETURN_TYPE = YES_ERROR;
				GCC_WARN_UNDECLARED_SELECTOR = YES;
				GCC_WARN_UNINITIALIZED_AUTOS = YES_AGGRESSIVE;
				GCC_WARN_UNUSED_FUNCTION = YES;
				GCC_WARN_UNUSED_VARIABLE = YES;
				IPHONEOS_DEPLOYMENT_TARGET = 26.2;
				LOCALIZATION_PREFERS_STRING_CATALOGS = YES;
				MTL_ENABLE_DEBUG_INFO = NO;
				MTL_FAST_MATH = YES;
				SDKROOT = iphoneos;
				SWIFT_COMPILATION_MODE = wholemodule;
				VALIDATE_PRODUCT = YES;
			};
			name = Release;
		};
/* End XCBuildConfiguration section */

/* Begin XCConfigurationList section */
		746A1A932F839C6F0076A047 /* Build configuration list for PBXProject "117BossTimer" */ = {
			isa = XCConfigurationList;
			buildConfigurations = (
				746A1AAE2F839C710076A047 /* Debug */,
				746A1AAF2F839C710076A047 /* Release */,
			);
			defaultConfigurationIsVisible = 0;
			defaultConfigurationName = Release;
		};
		746A1AAB2F839C710076A047 /* Build configuration list for PBXNativeTarget "117BossTimer" */ = {
			isa = XCConfigurationList;
			buildConfigurations = (
				746A1AAC2F839C710076A047 /* Debug */,
				746A1AAD2F839C710076A047 /* Release */,
			);
			defaultConfigurationIsVisible = 0;
			defaultConfigurationName = Release;
		};
/* End XCConfigurationList section */
	};
	rootObject = 746A1A902F839C6F0076A047 /* Project object */;
}
